
Microsoft Visual Studio Solution File, Format Version 12.00
# Visual Studio Version 17
VisualStudioVersion = 17.8.34309.116
MinimumVisualStudioVersion = 10.0.40219.1
Project("{2150E333-8FDC-42A3-9474-1A3956D46DE8}") = "Domain", "Domain", "{22080F74-748E-4625-BFC0-64FEE84136B5}"
EndProject
Project("{FAE04EC0-301F-11D3-BF4B-00C04F79EFBC}") = "F1Fantasy.Domain", "F1Fantasy.Domain\F1Fantasy.Domain.csproj", "{55E1DA5D-2FA7-4E9D-84F8-588C3DAE381C}"
EndProject
Global
	GlobalSection(SolutionConfigurationPlatforms) = preSolution
		Debug|Any CPU = Debug|Any CPU
		Release|Any CPU = Release|Any CPU
	EndGlobalSection
	GlobalSection(ProjectConfigurationPlatforms) = postSolution
		{55E1DA5D-2FA7-4E9D-84F8-588C3DAE381C}.Debug|Any CPU.ActiveCfg = Debug|Any CPU
		{55E1DA5D-2FA7-4E9D-84F8-588C3DAE381C}.Debug|Any CPU.Build.0 = Debug|Any CPU
		{55E1DA5D-2FA7-4E9D-84F8-588C3DAE381C}.Release|Any CPU.ActiveCfg = Release|Any CPU
		{55E1DA5D-2FA7-4E9D-84F8-588C3DAE381C}.Release|Any CPU.Build.0 = Release|Any CPU
	EndGlobalSection
	GlobalSection(SolutionProperties) = preSolution
		HideSolutionNode = FALSE
	EndGlobalSection
	GlobalSection(NestedProjects) = preSolution
		{55E1DA5D-2FA7-4E9D-84F8-588C3DAE381C} = {22080F74-748E-4625-BFC0-64FEE84136B5}
	EndGlobalSection
	GlobalSection(ExtensibilityGlobals) = postSolution
		SolutionGuid = {DD0CEDA6-0D3D-47C7-9DFA-A765A8ADF36E}
	EndGlobalSection
EndGlobal
