
Microsoft Visual Studio Solution File, Format Version 12.00
# Visual Studio Version 17
VisualStudioVersion = 17.8.34309.116
MinimumVisualStudioVersion = 10.0.40219.1
Project("{2150E333-8FDC-42A3-9474-1A3956D46DE8}") = "Domain", "Domain", "{22080F74-748E-4625-BFC0-64FEE84136B5}"
EndProject
Project("{2150E333-8FDC-42A3-9474-1A3956D46DE8}") = "Solution Items", "Solution Items", "{A0A40568-6077-464E-AA51-801482195719}"
	ProjectSection(SolutionItems) = preProject
		.editorconfig = .editorconfig
		.gitignore = .gitignore
		..\README.md = ..\README.md
	EndProjectSection
EndProject
Project("{2150E333-8FDC-42A3-9474-1A3956D46DE8}") = "Presentation", "Presentation", "{60146A28-C361-419F-92A2-A74F928773FC}"
EndProject
Project("{2150E333-8FDC-42A3-9474-1A3956D46DE8}") = "Application", "Application", "{DC11D762-ED3D-41F3-890C-51A92AF93B3B}"
EndProject
Project("{2150E333-8FDC-42A3-9474-1A3956D46DE8}") = "Infrastructure", "Infrastructure", "{1401E24A-8996-431E-AB8C-39EBBED304D5}"
EndProject
Project("{2150E333-8FDC-42A3-9474-1A3956D46DE8}") = "Simulation", "Simulation", "{2DFD7FFA-3665-4B71-9663-E6ED3BB2B696}"
EndProject
Project("{9A19103F-16F7-4668-BE54-9A1E7A4F7556}") = "F1Fantasy.Domain.SharedKernel", "F1Fantasy.Domain.SharedKernel\F1Fantasy.Domain.SharedKernel.csproj", "{538EA163-9E18-4040-B508-793193CA3E11}"
EndProject
Project("{9A19103F-16F7-4668-BE54-9A1E7A4F7556}") = "F1Fantasy.Simulation.Api", "Simulation\Presentation\F1Fantasy.Simulation.Api\F1Fantasy.Simulation.Api.csproj", "{62A10D6F-F52F-4E9F-B633-5BEF70D96E12}"
EndProject
Project("{9A19103F-16F7-4668-BE54-9A1E7A4F7556}") = "F1Fantasy.Simulation.Domain", "Simulation\Domain\F1Fantasy.Simulation.Domain\F1Fantasy.Simulation.Domain.csproj", "{AEBA96E0-A2C0-41C1-86B6-6A65AB9FC801}"
EndProject
Project("{9A19103F-16F7-4668-BE54-9A1E7A4F7556}") = "F1Fantasy.Simulation.Domain.Tests", "Simulation\Domain\F1Fantasy.Simulation.Domain.Tests\F1Fantasy.Simulation.Domain.Tests.csproj", "{61830E3A-5FA5-4E54-BA73-A2596E36CC02}"
EndProject
Project("{9A19103F-16F7-4668-BE54-9A1E7A4F7556}") = "F1Fantasy.Simulation.Application", "Simulation\Application\F1Fantasy.Simulation.Application\F1Fantasy.Simulation.Application.csproj", "{0468D7A8-2262-41C3-A43D-412DF1E3F495}"
EndProject
Project("{9A19103F-16F7-4668-BE54-9A1E7A4F7556}") = "F1Fantasy.Infrastructure.Abstractions", "F1Fantasy.Infrastructure.Abstractions\F1Fantasy.Infrastructure.Abstractions.csproj", "{513B01BA-04A5-4341-B599-4961EEB802A1}"
EndProject
Project("{9A19103F-16F7-4668-BE54-9A1E7A4F7556}") = "F1Fantasy.Infrastructure", "F1Fantasy.Infrastructure\F1Fantasy.Infrastructure.csproj", "{70EBC8E5-BECE-43E1-8F9A-CB5E07141BD5}"
EndProject
Project("{E53339B2-1760-4266-BCC7-CA923CBCF16C}") = "docker-compose", "docker-compose.dcproj", "{B75124F7-F2B6-4EB2-A7B0-2FE062F6D6DC}"
EndProject
Project("{2150E333-8FDC-42A3-9474-1A3956D46DE8}") = "Keycloak Setup", "Keycloak Setup", "{14B8ECD8-49BB-44D5-8189-09675CBF7040}"
	ProjectSection(SolutionItems) = preProject
		Keycloak Setup\1 - Get Admin Token.http = Keycloak Setup\1 - Get Admin Token.http
		Keycloak Setup\2 - Create Realm.http = Keycloak Setup\2 - Create Realm.http
		Keycloak Setup\3 - Create Realm Roles.http = Keycloak Setup\3 - Create Realm Roles.http
		Keycloak Setup\4 - Get Realm Role.http = Keycloak Setup\4 - Get Realm Role.http
		Keycloak Setup\5 - Create Frontend Client.http = Keycloak Setup\5 - Create Frontend Client.http
		Keycloak Setup\6 - Create Frontend Client Audience Mapper.http = Keycloak Setup\6 - Create Frontend Client Audience Mapper.http
		Keycloak Setup\7 - Create Frontend Client Role Mapper.http = Keycloak Setup\7 - Create Frontend Client Role Mapper.http
		Keycloak Setup\8 - Create Frontend Client Scope Mapping.http = Keycloak Setup\8 - Create Frontend Client Scope Mapping.http
		Keycloak Setup\9 - Create API Client.http = Keycloak Setup\9 - Create API Client.http
		Keycloak Setup\10 - Create User.http = Keycloak Setup\10 - Create User.http
		Keycloak Setup\11 - Add User Roles.http = Keycloak Setup\11 - Add User Roles.http
	EndProjectSection
EndProject
Project("{9A19103F-16F7-4668-BE54-9A1E7A4F7556}") = "F1Fantasy.Simulation.Infrastructure", "Simulation\Infrastructure\F1Fantasy.Simulation.Infrastructure\F1Fantasy.Simulation.Infrastructure.csproj", "{1458EB44-4E9A-4B52-900D-2C29C4F50587}"
EndProject
Global
	GlobalSection(SolutionConfigurationPlatforms) = preSolution
		Debug|Any CPU = Debug|Any CPU
		Release|Any CPU = Release|Any CPU
	EndGlobalSection
	GlobalSection(ProjectConfigurationPlatforms) = postSolution
		{538EA163-9E18-4040-B508-793193CA3E11}.Debug|Any CPU.ActiveCfg = Debug|Any CPU
		{538EA163-9E18-4040-B508-793193CA3E11}.Debug|Any CPU.Build.0 = Debug|Any CPU
		{538EA163-9E18-4040-B508-793193CA3E11}.Release|Any CPU.ActiveCfg = Release|Any CPU
		{538EA163-9E18-4040-B508-793193CA3E11}.Release|Any CPU.Build.0 = Release|Any CPU
		{62A10D6F-F52F-4E9F-B633-5BEF70D96E12}.Debug|Any CPU.ActiveCfg = Debug|Any CPU
		{62A10D6F-F52F-4E9F-B633-5BEF70D96E12}.Debug|Any CPU.Build.0 = Debug|Any CPU
		{62A10D6F-F52F-4E9F-B633-5BEF70D96E12}.Release|Any CPU.ActiveCfg = Release|Any CPU
		{62A10D6F-F52F-4E9F-B633-5BEF70D96E12}.Release|Any CPU.Build.0 = Release|Any CPU
		{AEBA96E0-A2C0-41C1-86B6-6A65AB9FC801}.Debug|Any CPU.ActiveCfg = Debug|Any CPU
		{AEBA96E0-A2C0-41C1-86B6-6A65AB9FC801}.Debug|Any CPU.Build.0 = Debug|Any CPU
		{AEBA96E0-A2C0-41C1-86B6-6A65AB9FC801}.Release|Any CPU.ActiveCfg = Release|Any CPU
		{AEBA96E0-A2C0-41C1-86B6-6A65AB9FC801}.Release|Any CPU.Build.0 = Release|Any CPU
		{61830E3A-5FA5-4E54-BA73-A2596E36CC02}.Debug|Any CPU.ActiveCfg = Debug|Any CPU
		{61830E3A-5FA5-4E54-BA73-A2596E36CC02}.Debug|Any CPU.Build.0 = Debug|Any CPU
		{61830E3A-5FA5-4E54-BA73-A2596E36CC02}.Release|Any CPU.ActiveCfg = Release|Any CPU
		{61830E3A-5FA5-4E54-BA73-A2596E36CC02}.Release|Any CPU.Build.0 = Release|Any CPU
		{0468D7A8-2262-41C3-A43D-412DF1E3F495}.Debug|Any CPU.ActiveCfg = Debug|Any CPU
		{0468D7A8-2262-41C3-A43D-412DF1E3F495}.Debug|Any CPU.Build.0 = Debug|Any CPU
		{0468D7A8-2262-41C3-A43D-412DF1E3F495}.Release|Any CPU.ActiveCfg = Release|Any CPU
		{0468D7A8-2262-41C3-A43D-412DF1E3F495}.Release|Any CPU.Build.0 = Release|Any CPU
		{513B01BA-04A5-4341-B599-4961EEB802A1}.Debug|Any CPU.ActiveCfg = Debug|Any CPU
		{513B01BA-04A5-4341-B599-4961EEB802A1}.Debug|Any CPU.Build.0 = Debug|Any CPU
		{513B01BA-04A5-4341-B599-4961EEB802A1}.Release|Any CPU.ActiveCfg = Release|Any CPU
		{513B01BA-04A5-4341-B599-4961EEB802A1}.Release|Any CPU.Build.0 = Release|Any CPU
		{70EBC8E5-BECE-43E1-8F9A-CB5E07141BD5}.Debug|Any CPU.ActiveCfg = Debug|Any CPU
		{70EBC8E5-BECE-43E1-8F9A-CB5E07141BD5}.Debug|Any CPU.Build.0 = Debug|Any CPU
		{70EBC8E5-BECE-43E1-8F9A-CB5E07141BD5}.Release|Any CPU.ActiveCfg = Release|Any CPU
		{70EBC8E5-BECE-43E1-8F9A-CB5E07141BD5}.Release|Any CPU.Build.0 = Release|Any CPU
		{B75124F7-F2B6-4EB2-A7B0-2FE062F6D6DC}.Debug|Any CPU.ActiveCfg = Debug|Any CPU
		{B75124F7-F2B6-4EB2-A7B0-2FE062F6D6DC}.Debug|Any CPU.Build.0 = Debug|Any CPU
		{B75124F7-F2B6-4EB2-A7B0-2FE062F6D6DC}.Release|Any CPU.ActiveCfg = Release|Any CPU
		{B75124F7-F2B6-4EB2-A7B0-2FE062F6D6DC}.Release|Any CPU.Build.0 = Release|Any CPU
		{1458EB44-4E9A-4B52-900D-2C29C4F50587}.Debug|Any CPU.ActiveCfg = Debug|Any CPU
		{1458EB44-4E9A-4B52-900D-2C29C4F50587}.Debug|Any CPU.Build.0 = Debug|Any CPU
		{1458EB44-4E9A-4B52-900D-2C29C4F50587}.Release|Any CPU.ActiveCfg = Release|Any CPU
		{1458EB44-4E9A-4B52-900D-2C29C4F50587}.Release|Any CPU.Build.0 = Release|Any CPU
	EndGlobalSection
	GlobalSection(SolutionProperties) = preSolution
		HideSolutionNode = FALSE
	EndGlobalSection
	GlobalSection(NestedProjects) = preSolution
		{22080F74-748E-4625-BFC0-64FEE84136B5} = {2DFD7FFA-3665-4B71-9663-E6ED3BB2B696}
		{60146A28-C361-419F-92A2-A74F928773FC} = {2DFD7FFA-3665-4B71-9663-E6ED3BB2B696}
		{DC11D762-ED3D-41F3-890C-51A92AF93B3B} = {2DFD7FFA-3665-4B71-9663-E6ED3BB2B696}
		{1401E24A-8996-431E-AB8C-39EBBED304D5} = {2DFD7FFA-3665-4B71-9663-E6ED3BB2B696}
		{62A10D6F-F52F-4E9F-B633-5BEF70D96E12} = {60146A28-C361-419F-92A2-A74F928773FC}
		{AEBA96E0-A2C0-41C1-86B6-6A65AB9FC801} = {22080F74-748E-4625-BFC0-64FEE84136B5}
		{61830E3A-5FA5-4E54-BA73-A2596E36CC02} = {22080F74-748E-4625-BFC0-64FEE84136B5}
		{0468D7A8-2262-41C3-A43D-412DF1E3F495} = {DC11D762-ED3D-41F3-890C-51A92AF93B3B}
		{1458EB44-4E9A-4B52-900D-2C29C4F50587} = {1401E24A-8996-431E-AB8C-39EBBED304D5}
	EndGlobalSection
	GlobalSection(ExtensibilityGlobals) = postSolution
		SolutionGuid = {DD0CEDA6-0D3D-47C7-9DFA-A765A8ADF36E}
	EndGlobalSection
EndGlobal
