
Microsoft Visual Studio Solution File, Format Version 12.00
# Visual Studio Version 17
VisualStudioVersion = 17.8.34309.116
MinimumVisualStudioVersion = 10.0.40219.1
Project("{2150E333-8FDC-42A3-9474-1A3956D46DE8}") = "Domain", "Domain", "{22080F74-748E-4625-BFC0-64FEE84136B5}"
EndProject
Project("{2150E333-8FDC-42A3-9474-1A3956D46DE8}") = "Solution Items", "Solution Items", "{A0A40568-6077-464E-AA51-801482195719}"
	ProjectSection(SolutionItems) = preProject
		.editorconfig = .editorconfig
		..\README.md = README.md
	EndProjectSection
EndProject
Project("{FAE04EC0-301F-11D3-BF4B-00C04F79EFBC}") = "F1Fantasy.Domain.Simulation", "Domain\F1Fantasy.Domain.Simulation\F1Fantasy.Domain.Simulation.csproj", "{242BE6B7-FA94-4E5E-8C42-58B099E18E0E}"
EndProject
Global
	GlobalSection(SolutionConfigurationPlatforms) = preSolution
		Debug|Any CPU = Debug|Any CPU
		Release|Any CPU = Release|Any CPU
	EndGlobalSection
	GlobalSection(ProjectConfigurationPlatforms) = postSolution
		{242BE6B7-FA94-4E5E-8C42-58B099E18E0E}.Debug|Any CPU.ActiveCfg = Debug|Any CPU
		{242BE6B7-FA94-4E5E-8C42-58B099E18E0E}.Debug|Any CPU.Build.0 = Debug|Any CPU
		{242BE6B7-FA94-4E5E-8C42-58B099E18E0E}.Release|Any CPU.ActiveCfg = Release|Any CPU
		{242BE6B7-FA94-4E5E-8C42-58B099E18E0E}.Release|Any CPU.Build.0 = Release|Any CPU
	EndGlobalSection
	GlobalSection(SolutionProperties) = preSolution
		HideSolutionNode = FALSE
	EndGlobalSection
	GlobalSection(ExtensibilityGlobals) = postSolution
		SolutionGuid = {DD0CEDA6-0D3D-47C7-9DFA-A765A8ADF36E}
	EndGlobalSection
EndGlobal
